
Microsoft Visual Studio Solution File, Format Version 12.00
# Visual Studio Version 17
VisualStudioVersion = 17.4.33122.133
MinimumVisualStudioVersion = 10.0.40219.1
Project("{9A19103F-16F7-4668-BE54-9A1E7A4F7556}") = "Threading", "TaskParallelLibrary-async-await\Threading.csproj", "{1A83C767-F9DC-441E-9362-5160E79BAB65}"
EndProject
Project("{9A19103F-16F7-4668-BE54-9A1E7A4F7556}") = "ThreadLocks_And_ThreadPools", "ThreadLocks_And_ThreadPools\ThreadLocks_And_ThreadPools.csproj", "{80132603-1CBD-4A62-B2E7-2E55B20E93A0}"
EndProject
Project("{FAE04EC0-301F-11D3-BF4B-00C04F79EFBC}") = "Threadss", "Threadss\Threadss.csproj", "{E84FF02A-CD66-4449-9F26-2946EE78B90F}"
EndProject
Global
	GlobalSection(SolutionConfigurationPlatforms) = preSolution
		Debug|Any CPU = Debug|Any CPU
		Release|Any CPU = Release|Any CPU
	EndGlobalSection
	GlobalSection(ProjectConfigurationPlatforms) = postSolution
		{1A83C767-F9DC-441E-9362-5160E79BAB65}.Debug|Any CPU.ActiveCfg = Debug|Any CPU
		{1A83C767-F9DC-441E-9362-5160E79BAB65}.Debug|Any CPU.Build.0 = Debug|Any CPU
		{1A83C767-F9DC-441E-9362-5160E79BAB65}.Release|Any CPU.ActiveCfg = Release|Any CPU
		{1A83C767-F9DC-441E-9362-5160E79BAB65}.Release|Any CPU.Build.0 = Release|Any CPU
		{80132603-1CBD-4A62-B2E7-2E55B20E93A0}.Debug|Any CPU.ActiveCfg = Debug|Any CPU
		{80132603-1CBD-4A62-B2E7-2E55B20E93A0}.Debug|Any CPU.Build.0 = Debug|Any CPU
		{80132603-1CBD-4A62-B2E7-2E55B20E93A0}.Release|Any CPU.ActiveCfg = Release|Any CPU
		{80132603-1CBD-4A62-B2E7-2E55B20E93A0}.Release|Any CPU.Build.0 = Release|Any CPU
		{E84FF02A-CD66-4449-9F26-2946EE78B90F}.Debug|Any CPU.ActiveCfg = Debug|Any CPU
		{E84FF02A-CD66-4449-9F26-2946EE78B90F}.Debug|Any CPU.Build.0 = Debug|Any CPU
		{E84FF02A-CD66-4449-9F26-2946EE78B90F}.Release|Any CPU.ActiveCfg = Release|Any CPU
		{E84FF02A-CD66-4449-9F26-2946EE78B90F}.Release|Any CPU.Build.0 = Release|Any CPU
	EndGlobalSection
	GlobalSection(SolutionProperties) = preSolution
		HideSolutionNode = FALSE
	EndGlobalSection
	GlobalSection(ExtensibilityGlobals) = postSolution
		SolutionGuid = {935213C5-DC74-4874-A07D-D985BE157D7A}
	EndGlobalSection
EndGlobal
